PODS:
  - Alamofire (4.8.2)
  - SDWebImage (4.4.7):
    - SDWebImage/Core (= 4.4.7)
  - SDWebImage/Core (4.4.7)
  - SVProgressHUD (2.2.5)
  - SwiftyJSON (5.0.0)
  - XLPagerTabStrip (9.0.0)

DEPENDENCIES:
  - Alamofire
  - SDWebImage (~> 4.0)
  - SVProgressHUD
  - SwiftyJSON
  - XLPagerTabStrip

SPEC REPOS:
  https://github.com/cocoapods/specs.git:
    - Alamofire
    - SDWebImage
    - SVProgressHUD
    - SwiftyJSON
    - XLPagerTabStrip

SPEC CHECKSUMS:
  Alamofire: ae5c501addb7afdbb13687d7f2f722c78734c2d3
  SDWebImage: c10d14a8883ebd89664f02a422006f66a85c0c5d
  SVProgressHUD: 1428aafac632c1f86f62aa4243ec12008d7a51d6
  SwiftyJSON: 36413e04c44ee145039d332b4f4e2d3e8d6c4db7
  XLPagerTabStrip: 61c57fd61f611ee5f01ff1495ad6fbee8bf496c5

PODFILE CHECKSUM: 1ad05f495734e5077f4f2d4847db9a02fcd3cd35

COCOAPODS: 1.6.1
